// !$*UTF8*$!
{
	archiveVersion = 1;
	classes = {
	};
	objectVersion = 55;
	objects = {

/* Begin PBXBuildFile section */
		E53A4B5E27B121EA00B76C00 /* AppDelegate.swift in Sources */ = {isa = PBXBuildFile; fileRef = E53A4B5D27B121EA00B76C00 /* AppDelegate.swift */; };
		E53A4B6027B121EA00B76C00 /* GameScene.sks in Resources */ = {isa = PBXBuildFile; fileRef = E53A4B5F27B121EA00B76C00 /* GameScene.sks */; };
		E53A4B6227B121EA00B76C00 /* Actions.sks in Resources */ = {isa = PBXBuildFile; fileRef = E53A4B6127B121EA00B76C00 /* Actions.sks */; };
		E53A4B6427B121EA00B76C00 /* GameScene.swift in Sources */ = {isa = PBXBuildFile; fileRef = E53A4B6327B121EA00B76C00 /* GameScene.swift */; };
		E53A4B6627B121EA00B76C00 /* GameViewController.swift in Sources */ = {isa = PBXBuildFile; fileRef = E53A4B6527B121EA00B76C00 /* GameViewController.swift */; };
		E53A4B6927B121EA00B76C00 /* Main.storyboard in Resources */ = {isa = PBXBuildFile; fileRef = E53A4B6727B121EA00B76C00 /* Main.storyboard */; };
		E53A4B6B27B121EC00B76C00 /* Assets.xcassets in Resources */ = {isa = PBXBuildFile; fileRef = E53A4B6A27B121EC00B76C00 /* Assets.xcassets */; };
		E53A4B6E27B121EC00B76C00 /* LaunchScreen.storyboard in Resources */ = {isa = PBXBuildFile; fileRef = E53A4B6C27B121EC00B76C00 /* LaunchScreen.storyboard */; };
		F40FEBF827B1667B00FC6465 /* Fire.sks in Resources */ = {isa = PBXBuildFile; fileRef = F40FEBF527B1667B00FC6465 /* Fire.sks */; };
		F40FEBF927B1667B00FC6465 /* SharpMagic.sks in Resources */ = {isa = PBXBuildFile; fileRef = F40FEBF627B1667B00FC6465 /* SharpMagic.sks */; };
		F40FEBFA27B1667B00FC6465 /* spark.png in Resources */ = {isa = PBXBuildFile; fileRef = F40FEBF727B1667B00FC6465 /* spark.png */; };
/* End PBXBuildFile section */

/* Begin PBXFileReference section */
		E53A4B5A27B121EA00B76C00 /* Firework.app */ = {isa = PBXFileReference; explicitFileType = wrapper.application; includeInIndex = 0; path = Firework.app; sourceTree = BUILT_PRODUCTS_DIR; };
		E53A4B5D27B121EA00B76C00 /* AppDelegate.swift */ = {isa = PBXFileReference; lastKnownFileType = sourcecode.swift; path = AppDelegate.swift; sourceTree = "<group>"; };
		E53A4B5F27B121EA00B76C00 /* GameScene.sks */ = {isa = PBXFileReference; lastKnownFileType = file.sks; path = GameScene.sks; sourceTree = "<group>"; };
		E53A4B6127B121EA00B76C00 /* Actions.sks */ = {isa = PBXFileReference; lastKnownFileType = file.sks; path = Actions.sks; sourceTree = "<group>"; };
		E53A4B6327B121EA00B76C00 /* GameScene.swift */ = {isa = PBXFileReference; lastKnownFileType = sourcecode.swift; path = GameScene.swift; sourceTree = "<group>"; };
		E53A4B6527B121EA00B76C00 /* GameViewController.swift */ = {isa = PBXFileReference; lastKnownFileType = sourcecode.swift; path = GameViewController.swift; sourceTree = "<group>"; };
		E53A4B6827B121EA00B76C00 /* Base */ = {isa = PBXFileReference; lastKnownFileType = file.storyboard; name = Base; path = Base.lproj/Main.storyboard; sourceTree = "<group>"; };
		E53A4B6A27B121EC00B76C00 /* Assets.xcassets */ = {isa = PBXFileReference; lastKnownFileType = folder.assetcatalog; path = Assets.xcassets; sourceTree = "<group>"; };
		E53A4B6D27B121EC00B76C00 /* Base */ = {isa = PBXFileReference; lastKnownFileType = file.storyboard; name = Base; path = Base.lproj/LaunchScreen.storyboard; sourceTree = "<group>"; };
		F40FEBF527B1667B00FC6465 /* Fire.sks */ = {isa = PBXFileReference; lastKnownFileType = file.sks; path = Fire.sks; sourceTree = "<group>"; };
		F40FEBF627B1667B00FC6465 /* SharpMagic.sks */ = {isa = PBXFileReference; lastKnownFileType = file.sks; path = SharpMagic.sks; sourceTree = "<group>"; };
		F40FEBF727B1667B00FC6465 /* spark.png */ = {isa = PBXFileReference; lastKnownFileType = image.png; path = spark.png; sourceTree = "<group>"; };
/* End PBXFileReference section */

/* Begin PBXFrameworksBuildPhase section */
		E53A4B5727B121EA00B76C00 /* Frameworks */ = {
			isa = PBXFrameworksBuildPhase;
			buildActionMask = 2147483647;
			files = (
			);
			runOnlyForDeploymentPostprocessing = 0;
		};
/* End PBXFrameworksBuildPhase section */

/* Begin PBXGroup section */
		E53A4B5127B121EA00B76C00 = {
			isa = PBXGroup;
			children = (
				E53A4B5C27B121EA00B76C00 /* Firework */,
				E53A4B5B27B121EA00B76C00 /* Products */,
			);
			sourceTree = "<group>";
		};
		E53A4B5B27B121EA00B76C00 /* Products */ = {
			isa = PBXGroup;
			children = (
				E53A4B5A27B121EA00B76C00 /* Firework.app */,
			);
			name = Products;
			sourceTree = "<group>";
		};
		E53A4B5C27B121EA00B76C00 /* Firework */ = {
			isa = PBXGroup;
			children = (
				F40FEBF527B1667B00FC6465 /* Fire.sks */,
				F40FEBF627B1667B00FC6465 /* SharpMagic.sks */,
				F40FEBF727B1667B00FC6465 /* spark.png */,
				E53A4B5D27B121EA00B76C00 /* AppDelegate.swift */,
				E53A4B5F27B121EA00B76C00 /* GameScene.sks */,
				E53A4B6127B121EA00B76C00 /* Actions.sks */,
				E53A4B6327B121EA00B76C00 /* GameScene.swift */,
				E53A4B6527B121EA00B76C00 /* GameViewController.swift */,
				E53A4B6727B121EA00B76C00 /* Main.storyboard */,
				E53A4B6A27B121EC00B76C00 /* Assets.xcassets */,
				E53A4B6C27B121EC00B76C00 /* LaunchScreen.storyboard */,
			);
			path = Firework;
			sourceTree = "<group>";
		};
/* End PBXGroup section */

/* Begin PBXNativeTarget section */
		E53A4B5927B121EA00B76C00 /* Firework */ = {
			isa = PBXNativeTarget;
			buildConfigurationList = E53A4B7127B121EC00B76C00 /* Build configuration list for PBXNativeTarget "Firework" */;
			buildPhases = (
				E53A4B5627B121EA00B76C00 /* Sources */,
				E53A4B5727B121EA00B76C00 /* Frameworks */,
				E53A4B5827B121EA00B76C00 /* Resources */,
			);
			buildRules = (
			);
			dependencies = (
			);
			name = Firework;
			productName = Firework;
			productReference = E53A4B5A27B121EA00B76C00 /* Firework.app */;
			productType = "com.apple.product-type.application";
		};
/* End PBXNativeTarget section */

/* Begin PBXProject section */
		E53A4B5227B121EA00B76C00 /* Project object */ = {
			isa = PBXProject;
			attributes = {
				BuildIndependentTargetsInParallel = 1;
				LastSwiftUpdateCheck = 1300;
				LastUpgradeCheck = 1300;
				TargetAttributes = {
					E53A4B5927B121EA00B76C00 = {
						CreatedOnToolsVersion = 13.0;
					};
				};
			};
			buildConfigurationList = E53A4B5527B121EA00B76C00 /* Build configuration list for PBXProject "Firework" */;
			compatibilityVersion = "Xcode 13.0";
			developmentRegion = en;
			hasScannedForEncodings = 0;
			knownRegions = (
				en,
				Base,
			);
			mainGroup = E53A4B5127B121EA00B76C00;
			productRefGroup = E53A4B5B27B121EA00B76C00 /* Products */;
			projectDirPath = "";
			projectRoot = "";
			targets = (
				E53A4B5927B121EA00B76C00 /* Firework */,
			);
		};
/* End PBXProject section */

/* Begin PBXResourcesBuildPhase section */
		E53A4B5827B121EA00B76C00 /* Resources */ = {
			isa = PBXResourcesBuildPhase;
			buildActionMask = 2147483647;
			files = (
				E53A4B6927B121EA00B76C00 /* Main.storyboard in Resources */,
				E53A4B6027B121EA00B76C00 /* GameScene.sks in Resources */,
				F40FEBF927B1667B00FC6465 /* SharpMagic.sks in Resources */,
				E53A4B6B27B121EC00B76C00 /* Assets.xcassets in Resources */,
				F40FEBF827B1667B00FC6465 /* Fire.sks in Resources */,
				F40FEBFA27B1667B00FC6465 /* spark.png in Resources */,
				E53A4B6E27B121EC00B76C00 /* LaunchScreen.storyboard in Resources */,
				E53A4B6227B121EA00B76C00 /* Actions.sks in Resources */,
			);
			runOnlyForDeploymentPostprocessing = 0;
		};
/* End PBXResourcesBuildPhase section */

/* Begin PBXSourcesBuildPhase section */
		E53A4B5627B121EA00B76C00 /* Sources */ = {
			isa = PBXSourcesBuildPhase;
			buildActionMask = 2147483647;
			files = (
				E53A4B6427B121EA00B76C00 /* GameScene.swift in Sources */,
				E53A4B6627B121EA00B76C00 /* GameViewController.swift in Sources */,
				E53A4B5E27B121EA00B76C00 /* AppDelegate.swift in Sources */,
			);
			runOnlyForDeploymentPostprocessing = 0;
		};
/* End PBXSourcesBuildPhase section */

/* Begin PBXVariantGroup section */
		E53A4B6727B121EA00B76C00 /* Main.storyboard */ = {
			isa = PBXVariantGroup;
			children = (
				E53A4B6827B121EA00B76C00 /* Base */,
			);
			name = Main.storyboard;
			sourceTree = "<group>";
		};
		E53A4B6C27B121EC00B76C00 /* LaunchScreen.storyboard */ = {
			isa = PBXVariantGroup;
			children = (
				E53A4B6D27B121EC00B76C00 /* Base */,
			);
			name = LaunchScreen.storyboard;
			sourceTree = "<group>";
		};
/* End PBXVariantGroup section */

/* Begin XCBuildConfiguration section */
		E53A4B6F27B121EC00B76C00 /* Debug */ = {
			isa = XCBuildConfiguration;
			buildSettings = {
				ALWAYS_SEARCH_USER_PATHS = NO;
				CLANG_ANALYZER_NONNULL = YES;
				CLANG_ANALYZER_NUMBER_OBJECT_CONVERSION = YES_AGGRESSIVE;
				CLANG_CXX_LANGUAGE_STANDARD = "gnu++17";
				CLANG_CXX_LIBRARY = "libc++";
				CLANG_ENABLE_MODULES = YES;
				CLANG_ENABLE_OBJC_ARC = YES;
				CLANG_ENABLE_OBJC_WEAK = YES;
				CLANG_WARN_BLOCK_CAPTURE_AUTORELEASING = YES;
				CLANG_WARN_BOOL_CONVERSION = YES;
				CLANG_WARN_COMMA = YES;
				CLANG_WARN_CONSTANT_CONVERSION = YES;
				CLANG_WARN_DEPRECATED_OBJC_IMPLEMENTATIONS = YES;
				CLANG_WARN_DIRECT_OBJC_ISA_USAGE = YES_ERROR;
				CLANG_WARN_DOCUMENTATION_COMMENTS = YES;
				CLANG_WARN_EMPTY_BODY = YES;
				CLANG_WARN_ENUM_CONVERSION = YES;
				CLANG_WARN_INFINITE_RECURSION = YES;
				CLANG_WARN_INT_CONVERSION = YES;
				CLANG_WARN_NON_LITERAL_NULL_CONVERSION = YES;
				CLANG_WARN_OBJC_IMPLICIT_RETAIN_SELF = YES;
				CLANG_WARN_OBJC_LITERAL_CONVERSION = YES;
				CLANG_WARN_OBJC_ROOT_CLASS = YES_ERROR;
				CLANG_WARN_QUOTED_INCLUDE_IN_FRAMEWORK_HEADER = YES;
				CLANG_WARN_RANGE_LOOP_ANALYSIS = YES;
				CLANG_WARN_STRICT_PROTOTYPES = YES;
				CLANG_WARN_SUSPICIOUS_MOVE = YES;
				CLANG_WARN_UNGUARDED_AVAILABILITY = YES_AGGRESSIVE;
				CLANG_WARN_UNREACHABLE_CODE = YES;
				CLANG_WARN__DUPLICATE_METHOD_MATCH = YES;
				COPY_PHASE_STRIP = NO;
				DEBUG_INFORMATION_FORMAT = dwarf;
				ENABLE_STRICT_OBJC_MSGSEND = YES;
				ENABLE_TESTABILITY = YES;
				GCC_C_LANGUAGE_STANDARD = gnu11;
				GCC_DYNAMIC_NO_PIC = NO;
				GCC_NO_COMMON_BLOCKS = YES;
				GCC_OPTIMIZATION_LEVEL = 0;
				GCC_PREPROCESSOR_DEFINITIONS = (
					"DEBUG=1",
					"$(inherited)",
				);
				GCC_WARN_64_TO_32_BIT_CONVERSION = YES;
				GCC_WARN_ABOUT_RETURN_TYPE = YES_ERROR;
				GCC_WARN_UNDECLARED_SELECTOR = YES;
				GCC_WARN_UNINITIALIZED_AUTOS = YES_AGGRESSIVE;
				GCC_WARN_UNUSED_FUNCTION = YES;
				GCC_WARN_UNUSED_VARIABLE = YES;
				IPHONEOS_DEPLOYMENT_TARGET = 15.0;
				MTL_ENABLE_DEBUG_INFO = INCLUDE_SOURCE;
				MTL_FAST_MATH = YES;
				ONLY_ACTIVE_ARCH = YES;
				SDKROOT = iphoneos;
				SWIFT_ACTIVE_COMPILATION_CONDITIONS = DEBUG;
				SWIFT_OPTIMIZATION_LEVEL = "-Onone";
			};
			name = Debug;
		};
		E53A4B7027B121EC00B76C00 /* Release */ = {
			isa = XCBuildConfiguration;
			buildSettings = {
				ALWAYS_SEARCH_USER_PATHS = NO;
				CLANG_ANALYZER_NONNULL = YES;
				CLANG_ANALYZER_NUMBER_OBJECT_CONVERSION = YES_AGGRESSIVE;
				CLANG_CXX_LANGUAGE_STANDARD = "gnu++17";
				CLANG_CXX_LIBRARY = "libc++";
				CLANG_ENABLE_MODULES = YES;
				CLANG_ENABLE_OBJC_ARC = YES;
				CLANG_ENABLE_OBJC_WEAK = YES;
				CLANG_WARN_BLOCK_CAPTURE_AUTORELEASING = YES;
				CLANG_WARN_BOOL_CONVERSION = YES;
				CLANG_WARN_COMMA = YES;
				CLANG_WARN_CONSTANT_CONVERSION = YES;
				CLANG_WARN_DEPRECATED_OBJC_IMPLEMENTATIONS = YES;
				CLANG_WARN_DIRECT_OBJC_ISA_USAGE = YES_ERROR;
				CLANG_WARN_DOCUMENTATION_COMMENTS = YES;
				CLANG_WARN_EMPTY_BODY = YES;
				CLANG_WARN_ENUM_CONVERSION = YES;
				CLANG_WARN_INFINITE_RECURSION = YES;
				CLANG_WARN_INT_CONVERSION = YES;
				CLANG_WARN_NON_LITERAL_NULL_CONVERSION = YES;
				CLANG_WARN_OBJC_IMPLICIT_RETAIN_SELF = YES;
				CLANG_WARN_OBJC_LITERAL_CONVERSION = YES;
				CLANG_WARN_OBJC_ROOT_CLASS = YES_ERROR;
				CLANG_WARN_QUOTED_INCLUDE_IN_FRAMEWORK_HEADER = YES;
				CLANG_WARN_RANGE_LOOP_ANALYSIS = YES;
				CLANG_WARN_STRICT_PROTOTYPES = YES;
				CLANG_WARN_SUSPICIOUS_MOVE = YES;
				CLANG_WARN_UNGUARDED_AVAILABILITY = YES_AGGRESSIVE;
				CLANG_WARN_UNREACHABLE_CODE = YES;
				CLANG_WARN__DUPLICATE_METHOD_MATCH = YES;
				COPY_PHASE_STRIP = NO;
				DEBUG_INFORMATION_FORMAT = "dwarf-with-dsym";
				ENABLE_NS_ASSERTIONS = NO;
				ENABLE_STRICT_OBJC_MSGSEND = YES;
				GCC_C_LANGUAGE_STANDARD = gnu11;
				GCC_NO_COMMON_BLOCKS = YES;
				GCC_WARN_64_TO_32_BIT_CONVERSION = YES;
				GCC_WARN_ABOUT_RETURN_TYPE = YES_ERROR;
				GCC_WARN_UNDECLARED_SELECTOR = YES;
				GCC_WARN_UNINITIALIZED_AUTOS = YES_AGGRESSIVE;
				GCC_WARN_UNUSED_FUNCTION = YES;
				GCC_WARN_UNUSED_VARIABLE = YES;
				IPHONEOS_DEPLOYMENT_TARGET = 15.0;
				MTL_ENABLE_DEBUG_INFO = NO;
				MTL_FAST_MATH = YES;
				SDKROOT = iphoneos;
				SWIFT_COMPILATION_MODE = wholemodule;
				SWIFT_OPTIMIZATION_LEVEL = "-O";
				VALIDATE_PRODUCT = YES;
			};
			name = Release;
		};
		E53A4B7227B121EC00B76C00 /* Debug */ = {
			isa = XCBuildConfiguration;
			buildSettings = {
				ASSETCATALOG_COMPILER_APPICON_NAME = AppIcon;
				ASSETCATALOG_COMPILER_GLOBAL_ACCENT_COLOR_NAME = AccentColor;
				CODE_SIGN_STYLE = Automatic;
				CURRENT_PROJECT_VERSION = 1;
				GENERATE_INFOPLIST_FILE = YES;
				INFOPLIST_KEY_UIApplicationSupportsIndirectInputEvents = YES;
				INFOPLIST_KEY_UILaunchStoryboardName = LaunchScreen;
				INFOPLIST_KEY_UIMainStoryboardFile = Main;
				INFOPLIST_KEY_UIStatusBarHidden = YES;
				INFOPLIST_KEY_UISupportedInterfaceOrientations_iPad = "UIInterfaceOrientationPortrait UIInterfaceOrientationPortraitUpsideDown UIInterfaceOrientationLandscapeLeft UIInterfaceOrientationLandscapeRight";
				INFOPLIST_KEY_UISupportedInterfaceOrientations_iPhone = "UIInterfaceOrientationPortrait UIInterfaceOrientationLandscapeLeft UIInterfaceOrientationLandscapeRight";
				LD_RUNPATH_SEARCH_PATHS = (
					"$(inherited)",
					"@executable_path/Frameworks",
				);
				MARKETING_VERSION = 1.0;
				PRODUCT_BUNDLE_IDENTIFIER = com.snailgames.Firework;
				PRODUCT_NAME = "$(TARGET_NAME)";
				SWIFT_EMIT_LOC_STRINGS = YES;
				SWIFT_VERSION = 5.0;
				TARGETED_DEVICE_FAMILY = "1,2";
			};
			name = Debug;
		};
		E53A4B7327B121EC00B76C00 /* Release */ = {
			isa = XCBuildConfiguration;
			buildSettings = {
				ASSETCATALOG_COMPILER_APPICON_NAME = AppIcon;
				ASSETCATALOG_COMPILER_GLOBAL_ACCENT_COLOR_NAME = AccentColor;
				CODE_SIGN_STYLE = Automatic;
				CURRENT_PROJECT_VERSION = 1;
				GENERATE_INFOPLIST_FILE = YES;
				INFOPLIST_KEY_UIApplicationSupportsIndirectInputEvents = YES;
				INFOPLIST_KEY_UILaunchStoryboardName = LaunchScreen;
				INFOPLIST_KEY_UIMainStoryboardFile = Main;
				INFOPLIST_KEY_UIStatusBarHidden = YES;
				INFOPLIST_KEY_UISupportedInterfaceOrientations_iPad = "UIInterfaceOrientationPortrait UIInterfaceOrientationPortraitUpsideDown UIInterfaceOrientationLandscapeLeft UIInterfaceOrientationLandscapeRight";
				INFOPLIST_KEY_UISupportedInterfaceOrientations_iPhone = "UIInterfaceOrientationPortrait UIInterfaceOrientationLandscapeLeft UIInterfaceOrientationLandscapeRight";
				LD_RUNPATH_SEARCH_PATHS = (
					"$(inherited)",
					"@executable_path/Frameworks",
				);
				MARKETING_VERSION = 1.0;
				PRODUCT_BUNDLE_IDENTIFIER = com.snailgames.Firework;
				PRODUCT_NAME = "$(TARGET_NAME)";
				SWIFT_EMIT_LOC_STRINGS = YES;
				SWIFT_VERSION = 5.0;
				TARGETED_DEVICE_FAMILY = "1,2";
			};
			name = Release;
		};
/* End XCBuildConfiguration section */

/* Begin XCConfigurationList section */
		E53A4B5527B121EA00B76C00 /* Build configuration list for PBXProject "Firework" */ = {
			isa = XCConfigurationList;
			buildConfigurations = (
				E53A4B6F27B121EC00B76C00 /* Debug */,
				E53A4B7027B121EC00B76C00 /* Release */,
			);
			defaultConfigurationIsVisible = 0;
			defaultConfigurationName = Release;
		};
		E53A4B7127B121EC00B76C00 /* Build configuration list for PBXNativeTarget "Firework" */ = {
			isa = XCConfigurationList;
			buildConfigurations = (
				E53A4B7227B121EC00B76C00 /* Debug */,
				E53A4B7327B121EC00B76C00 /* Release */,
			);
			defaultConfigurationIsVisible = 0;
			defaultConfigurationName = Release;
		};
/* End XCConfigurationList section */
	};
	rootObject = E53A4B5227B121EA00B76C00 /* Project object */;
}
